
Microsoft Visual Studio Solution File, Format Version 12.00
# Visual Studio Version 16
VisualStudioVersion = 16.0.31005.135
MinimumVisualStudioVersion = 10.0.40219.1
Project("{2150E333-8FDC-42A3-9474-1A3956D46DE8}") = "1 - Presentation", "1 - Presentation", "{3283EE01-D29C-4E41-996E-202CA5819BFE}"
EndProject
Project("{2150E333-8FDC-42A3-9474-1A3956D46DE8}") = "2 - API", "2 - API", "{B4F07635-4F82-4DC6-8FD8-A48964689D30}"
EndProject
Project("{2150E333-8FDC-42A3-9474-1A3956D46DE8}") = "3 - Application", "3 - Application", "{97026DA2-AB3A-4B70-8BF0-4A36CFFBC673}"
EndProject
Project("{2150E333-8FDC-42A3-9474-1A3956D46DE8}") = "4 - Domain", "4 - Domain", "{5FB6E453-B203-4773-9315-A2910743982C}"
EndProject
Project("{2150E333-8FDC-42A3-9474-1A3956D46DE8}") = "5 - Infra", "5 - Infra", "{3E7013BC-2113-4726-803F-76D9D6A57871}"
EndProject
Project("{FAE04EC0-301F-11D3-BF4B-00C04F79EFBC}") = "BoatLux.Presentation", "BoatLux.Presentation\BoatLux.Presentation.csproj", "{6CB030F7-2D48-4E60-9EBB-78764C5063BC}"
EndProject
Project("{FAE04EC0-301F-11D3-BF4B-00C04F79EFBC}") = "BoatLux.API", "BoatLux.API\BoatLux.API.csproj", "{2D5F7588-B57C-49E5-88F1-7DE5C4345F62}"
EndProject
Project("{FAE04EC0-301F-11D3-BF4B-00C04F79EFBC}") = "BoatLux.Application", "BoatLux.Application\BoatLux.Application.csproj", "{797C2D90-B5D1-4374-BDA8-F5F2AA2B3CB7}"
EndProject
Project("{FAE04EC0-301F-11D3-BF4B-00C04F79EFBC}") = "Boatlux.Domain", "Boatlux.Domain\Boatlux.Domain.csproj", "{D97F812B-EED6-4D69-9A2C-E343EC41D021}"
EndProject
Project("{FAE04EC0-301F-11D3-BF4B-00C04F79EFBC}") = "BoatLux.Infra", "BoatLux.Infra\BoatLux.Infra.csproj", "{68CD9F63-B123-4DA0-B1CB-1DB3FCE20512}"
EndProject
Global
	GlobalSection(SolutionConfigurationPlatforms) = preSolution
		Debug|Any CPU = Debug|Any CPU
		Release|Any CPU = Release|Any CPU
	EndGlobalSection
	GlobalSection(ProjectConfigurationPlatforms) = postSolution
		{6CB030F7-2D48-4E60-9EBB-78764C5063BC}.Debug|Any CPU.ActiveCfg = Debug|Any CPU
		{6CB030F7-2D48-4E60-9EBB-78764C5063BC}.Debug|Any CPU.Build.0 = Debug|Any CPU
		{6CB030F7-2D48-4E60-9EBB-78764C5063BC}.Release|Any CPU.ActiveCfg = Release|Any CPU
		{6CB030F7-2D48-4E60-9EBB-78764C5063BC}.Release|Any CPU.Build.0 = Release|Any CPU
		{2D5F7588-B57C-49E5-88F1-7DE5C4345F62}.Debug|Any CPU.ActiveCfg = Debug|Any CPU
		{2D5F7588-B57C-49E5-88F1-7DE5C4345F62}.Debug|Any CPU.Build.0 = Debug|Any CPU
		{2D5F7588-B57C-49E5-88F1-7DE5C4345F62}.Release|Any CPU.ActiveCfg = Release|Any CPU
		{2D5F7588-B57C-49E5-88F1-7DE5C4345F62}.Release|Any CPU.Build.0 = Release|Any CPU
		{797C2D90-B5D1-4374-BDA8-F5F2AA2B3CB7}.Debug|Any CPU.ActiveCfg = Debug|Any CPU
		{797C2D90-B5D1-4374-BDA8-F5F2AA2B3CB7}.Debug|Any CPU.Build.0 = Debug|Any CPU
		{797C2D90-B5D1-4374-BDA8-F5F2AA2B3CB7}.Release|Any CPU.ActiveCfg = Release|Any CPU
		{797C2D90-B5D1-4374-BDA8-F5F2AA2B3CB7}.Release|Any CPU.Build.0 = Release|Any CPU
		{D97F812B-EED6-4D69-9A2C-E343EC41D021}.Debug|Any CPU.ActiveCfg = Debug|Any CPU
		{D97F812B-EED6-4D69-9A2C-E343EC41D021}.Debug|Any CPU.Build.0 = Debug|Any CPU
		{D97F812B-EED6-4D69-9A2C-E343EC41D021}.Release|Any CPU.ActiveCfg = Release|Any CPU
		{D97F812B-EED6-4D69-9A2C-E343EC41D021}.Release|Any CPU.Build.0 = Release|Any CPU
		{68CD9F63-B123-4DA0-B1CB-1DB3FCE20512}.Debug|Any CPU.ActiveCfg = Debug|Any CPU
		{68CD9F63-B123-4DA0-B1CB-1DB3FCE20512}.Debug|Any CPU.Build.0 = Debug|Any CPU
		{68CD9F63-B123-4DA0-B1CB-1DB3FCE20512}.Release|Any CPU.ActiveCfg = Release|Any CPU
		{68CD9F63-B123-4DA0-B1CB-1DB3FCE20512}.Release|Any CPU.Build.0 = Release|Any CPU
	EndGlobalSection
	GlobalSection(SolutionProperties) = preSolution
		HideSolutionNode = FALSE
	EndGlobalSection
	GlobalSection(NestedProjects) = preSolution
		{6CB030F7-2D48-4E60-9EBB-78764C5063BC} = {3283EE01-D29C-4E41-996E-202CA5819BFE}
		{2D5F7588-B57C-49E5-88F1-7DE5C4345F62} = {B4F07635-4F82-4DC6-8FD8-A48964689D30}
		{797C2D90-B5D1-4374-BDA8-F5F2AA2B3CB7} = {97026DA2-AB3A-4B70-8BF0-4A36CFFBC673}
		{D97F812B-EED6-4D69-9A2C-E343EC41D021} = {5FB6E453-B203-4773-9315-A2910743982C}
		{68CD9F63-B123-4DA0-B1CB-1DB3FCE20512} = {3E7013BC-2113-4726-803F-76D9D6A57871}
	EndGlobalSection
	GlobalSection(ExtensibilityGlobals) = postSolution
		SolutionGuid = {325C679A-74A9-46D4-A500-B453AE3869A1}
	EndGlobalSection
EndGlobal
